{
  "version": "4",
  "specifiers": {
    "jsr:@leaf/sav-reader@*": "0.0.1",
    "jsr:@leaf/sav-reader@0.0.1": "0.0.1",
    "jsr:@std/assert@*": "1.0.6",
    "jsr:@std/internal@^1.0.4": "1.0.4",
    "npm:@types/node@*": "22.5.4",
    "npm:hyparquet@*": "1.5.0",
    "npm:hyparquet@1.5.0": "1.5.0",
    "npm:jsa@*": "0.0.32",
    "npm:jsavvy@*": "0.0.6",
    "npm:jsavvy@0.0.6": "0.0.6",
    "npm:xlsx@*": "0.18.5",
    "npm:xlsx@0.18.5": "0.18.5"
  },
  "jsr": {
    "@leaf/sav-reader@0.0.1": {
      "integrity": "cdfa25310adc93694fb5f529a924d5d0826a074824e9892a5c9f630e9934e752"
    },
    "@std/assert@1.0.6": {
      "integrity": "1904c05806a25d94fe791d6d883b685c9e2dcd60e4f9fc30f4fc5cf010c72207",
      "dependencies": [
        "jsr:@std/internal"
      ]
    },
    "@std/internal@1.0.4": {
      "integrity": "62e8e4911527e5e4f307741a795c0b0a9e6958d0b3790716ae71ce085f755422"
    }
  },
  "npm": {
    "@types/node@22.5.4": {
      "integrity": "sha512-FDuKUJQm/ju9fT/SeX/6+gBzoPzlVCzfzmGkwKvRHQVxi4BntVbyIwf6a4Xn62mrvndLiml6z/UBXIdEVjQLXg==",
      "dependencies": [
        "undici-types"
      ]
    },
    "adler-32@1.3.1": {
      "integrity": "sha512-ynZ4w/nUUv5rrsR8UUGoe1VC9hZj6V5hU9Qw1HlMDJGEJw5S7TfTErWTjMys6M7vr0YWcPqs3qAr4ss0nDfP+A=="
    },
    "async@0.1.22": {
      "integrity": "sha512-2tEzliJmf5fHNafNwQLJXUasGzQCVctvsNkXmnlELHwypU0p08/rHohYvkqKIjyXpx+0rkrYv6QbhJ+UF4QkBg=="
    },
    "bson@0.1.8": {
      "integrity": "sha512-Zen/6PF3Mox895jY2kVBC8m/zbApUgUoGwQ7p+UqdcByls5aYNgE4CrpXgycsPcMio+wto6nRvhJlJuZr5hxBw=="
    },
    "cfb@1.2.2": {
      "integrity": "sha512-KfdUZsSOw19/ObEWasvBP/Ac4reZvAGauZhs6S/gqNhXhI7cKwvlH7ulj+dOEYnca4bm4SGo8C1bTAQvnTjgQA==",
      "dependencies": [
        "adler-32",
        "crc-32"
      ]
    },
    "codepage@1.15.0": {
      "integrity": "sha512-3g6NUTPd/YtuuGrhMnOMRjFc+LJw/bnMp3+0r/Wcz3IXUuCosKRJvMphm5+Q+bvTVGcJJuRvVLuYba+WojaFaA=="
    },
    "colors@0.6.0-1": {
      "integrity": "sha512-ZaQtySU44lmZRP6M+CovFWnu7QnxLTsr/3wURb7BCOV1/gKjUb/3uu3NsLR+fvA2Jfs6sNfwcVq0Tp2mWYbuxg=="
    },
    "colors@0.6.2": {
      "integrity": "sha512-OsSVtHK8Ir8r3+Fxw/b4jS1ZLPXkV6ZxDRJQzeD7qo0SqMXWrHDM71DgYzPMHY8SFJ0Ao+nNU2p1MmwdzKqPrw=="
    },
    "core-util-is@1.0.3": {
      "integrity": "sha512-ZQBvi1DcpJ4GDqanjucZ2Hj3wEO5pZDS89BWbkcrvdxksJorwUDDZamX9ldFkp9aw2lmBDLgkObEA4DWNJ9FYQ=="
    },
    "crc-32@1.2.2": {
      "integrity": "sha512-ROmzCKrTnOwybPcJApAA6WBWij23HVfGVNKqqrZpuyZOHqK2CwHSvpGuyt/UNNvaIjEd8X5IFGp4Mh+Ie1IHJQ=="
    },
    "frac@1.1.2": {
      "integrity": "sha512-w/XBfkibaTl3YDqASwfDUqkna4Z2p9cFSr1aHDt0WoMTECnRfBOv2WArlZILlqgWlmdIlALXGpM2AOhEk5W3IA=="
    },
    "hyparquet@1.5.0": {
      "integrity": "sha512-HW3bj7cHMJ/E1zt280cItUBiLqu996DO9o4JzAYdy96CqiQw1e0sgLUTshV4yH0KXOlHrpt2wHEJqLs51DB0Ww=="
    },
    "inherits@2.0.4": {
      "integrity": "sha512-k/vGaX4/Yla3WzyMCvTQOXYeIHvqOKtnqBduzTHpzpQZzAskKMhZ2K+EnBiSM9zGSoIFeMpXKxa4dYeZIQqewQ=="
    },
    "isarray@0.0.1": {
      "integrity": "sha512-D2S+3GLxWH+uhrNEcoh/fnmYeP8E8/zHl644d/jdA0g2uyXvy3sb0qxotE+ne0LtccHknQzWwZEzhak7oJ0COQ=="
    },
    "jsa@0.0.32": {
      "integrity": "sha512-WObtXo6rliZidp3C7vtMfJjy3Vx4/vinPKWxtE8YZRgyRpoH3D3B075Vk0nVTOs50PI8qJP6w4CMOohkf0cGrQ==",
      "dependencies": [
        "async",
        "colors@0.6.2",
        "log4js",
        "moment",
        "mongodb",
        "prettyjson",
        "redis",
        "underscore"
      ]
    },
    "jsavvy@0.0.6": {
      "integrity": "sha512-VK36aOkak/e2b6KqlZcs+QtgPw5eZ7e8D9gqO1cOC0GIh3R9KBxaIhK0zi2PLjwPtm1YT1qVGrTvO1gisQrVUQ=="
    },
    "log4js@0.6.38": {
      "integrity": "sha512-Cd+klbx7lkiaamEId9/0odHxv/PFHDz2E12kEfd6/CzIOZD084DzysASR/Dot4i1dYPBQKC3r2XIER+dfbLOmw==",
      "dependencies": [
        "readable-stream",
        "semver"
      ]
    },
    "moment@1.6.2": {
      "integrity": "sha512-G+xsahXPFrlVlrtnok175V8GbzeglaXrJT1RqcTUMYq1JWzI5j+L/V/EMD54jDSromQyaEthfRtyldbx0VKH/w=="
    },
    "mongodb@1.2.14": {
      "integrity": "sha512-6e+wAdsDC8LXAiDd8hyvs3PelKsJC/zIuNehU3FeI4JidhoYW2CG3jGTshg9MI8UKPrcyB8sqY0blpRFPYPLSg==",
      "dependencies": [
        "bson"
      ]
    },
    "prettyjson@0.7.1": {
      "integrity": "sha512-EQzcleVARkd/dBS1eXqtCgaumYx74LrYYuQbdP9pbvcgZrjgIe46bkladiuGISzHdJj5XsQ3LS6kxS75H3DFXw==",
      "dependencies": [
        "colors@0.6.0-1"
      ]
    },
    "readable-stream@1.0.34": {
      "integrity": "sha512-ok1qVCJuRkNmvebYikljxJA/UEsKwLl2nI1OmaqAu4/UE+h0wKCHok4XkL/gvi39OacXvw59RJUOFUkDib2rHg==",
      "dependencies": [
        "core-util-is",
        "inherits",
        "isarray",
        "string_decoder"
      ]
    },
    "redis@0.8.6": {
      "integrity": "sha512-YjA/U7ASlxLsXhbkl+5/qY5lFunGaY3dxU8ZFyBONg3mcu/D18NeB8DsM7/LPS2CRTMoMMfWuyPKqmOx0e2y8g=="
    },
    "semver@4.3.6": {
      "integrity": "sha512-IrpJ+yoG4EOH8DFWuVg+8H1kW1Oaof0Wxe7cPcXW3x9BjkN/eVo54F15LyqemnDIUYskQWr9qvl/RihmSy6+xQ=="
    },
    "ssf@0.11.2": {
      "integrity": "sha512-+idbmIXoYET47hH+d7dfm2epdOMUDjqcB4648sTZ+t2JwoyBFL/insLfB/racrDmsKB3diwsDA696pZMieAC5g==",
      "dependencies": [
        "frac"
      ]
    },
    "string_decoder@0.10.31": {
      "integrity": "sha512-ev2QzSzWPYmy9GuqfIVildA4OdcGLeFZQrq5ys6RtiuF+RQQiZWr8TZNyAcuVXyQRYfEO+MsoB/1BuQVhOJuoQ=="
    },
    "underscore@1.4.4": {
      "integrity": "sha512-ZqGrAgaqqZM7LGRzNjLnw5elevWb5M8LEoDMadxIW3OWbcv72wMMgKdwOKpd5Fqxe8choLD8HN3iSj3TUh/giQ=="
    },
    "undici-types@6.19.8": {
      "integrity": "sha512-ve2KP6f/JnbPBFyobGHuerC9g1FYGn/F8n1LWTwNxCEzd6IfqTwUQcNXgEtmmQ6DlRrC1hrSrBnCZPokRrDHjw=="
    },
    "wmf@1.0.2": {
      "integrity": "sha512-/p9K7bEh0Dj6WbXg4JG0xvLQmIadrner1bi45VMJTfnbVHsc7yIajZyoSoK60/dtVBs12Fm6WkUI5/3WAVsNMw=="
    },
    "word@0.3.0": {
      "integrity": "sha512-OELeY0Q61OXpdUfTp+oweA/vtLVg5VDOXh+3he3PNzLGG/y0oylSOC1xRVj0+l4vQ3tj/bB1HVHv1ocXkQceFA=="
    },
    "xlsx@0.18.5": {
      "integrity": "sha512-dmg3LCjBPHZnQp5/F/+nnTa+miPJxUXB6vtk42YjBBKayDNagxGEeIdWApkYPOf3Z3pm3k62Knjzp7lMeTEtFQ==",
      "dependencies": [
        "adler-32",
        "cfb",
        "codepage",
        "crc-32",
        "ssf",
        "wmf",
        "word"
      ]
    }
  },
  "remote": {
    "https://cdn.sheetjs.com/dta-0.0.2/package/dist/dta.mjs": "dc077974341187039da8888da53faabad65895d8a2763eedf9532b9b4c8b7b2b",
    "https://cdn.sheetjs.com/xlsx-0.20.3/package/xlsx.mjs": "1a0fb062ee9781b13f6687371b202aaefc53b6ce55b530c027e01f9c087b77db"
  }
}
